// !$*UTF8*$!
{
	archiveVersion = 1;
	classes = {
	};
	objectVersion = 55;
	objects = {

/* Begin PBXBuildFile section */
		842E7F7F272E1DCC007C3DEE /* main.swift in Sources */ = {isa = PBXBuildFile; fileRef = 842E7F7E272E1DCC007C3DEE /* main.swift */; };
		842E7F8A272E25F1007C3DEE /* Token.swift in Sources */ = {isa = PBXBuildFile; fileRef = 842E7F89272E25F1007C3DEE /* Token.swift */; };
		842E7F8E272E30DE007C3DEE /* Lexer.swift in Sources */ = {isa = PBXBuildFile; fileRef = 842E7F8D272E30DE007C3DEE /* Lexer.swift */; };
		842E7F91272F81AD007C3DEE /* CharacterExtensions.swift in Sources */ = {isa = PBXBuildFile; fileRef = 842E7F90272F81AD007C3DEE /* CharacterExtensions.swift */; };
		842E7F9527304420007C3DEE /* InputProto.swift in Sources */ = {isa = PBXBuildFile; fileRef = 842E7F942730441F007C3DEE /* InputProto.swift */; };
		842E7F982732047F007C3DEE /* AST.swift in Sources */ = {isa = PBXBuildFile; fileRef = 842E7F972732047F007C3DEE /* AST.swift */; };
		842E7F9A27320A9E007C3DEE /* FileStream.swift in Sources */ = {isa = PBXBuildFile; fileRef = 842E7F9927320A9E007C3DEE /* FileStream.swift */; };
		842E7F9C2732D45D007C3DEE /* Parser.swift in Sources */ = {isa = PBXBuildFile; fileRef = 842E7F9B2732D45D007C3DEE /* Parser.swift */; };
		8474D75227343F0500FD298C /* LLVMAssembler.swift in Sources */ = {isa = PBXBuildFile; fileRef = 8474D75127343F0500FD298C /* LLVMAssembler.swift */; };
		84FA5260273449CD00924B58 /* ArgumentParser in Frameworks */ = {isa = PBXBuildFile; productRef = 84FA525F273449CD00924B58 /* ArgumentParser */; };
		84FA52622734522F00924B58 /* Generator.swift in Sources */ = {isa = PBXBuildFile; fileRef = 84FA52612734522F00924B58 /* Generator.swift */; };
/* End PBXBuildFile section */

/* Begin PBXCopyFilesBuildPhase section */
		842E7F79272E1DCC007C3DEE /* CopyFiles */ = {
			isa = PBXCopyFilesBuildPhase;
			buildActionMask = 2147483647;
			dstPath = /usr/share/man/man1/;
			dstSubfolderSpec = 0;
			files = (
			);
			runOnlyForDeploymentPostprocessing = 1;
		};
/* End PBXCopyFilesBuildPhase section */

/* Begin PBXFileReference section */
		842E7F7B272E1DCC007C3DEE /* scc */ = {isa = PBXFileReference; explicitFileType = "compiled.mach-o.executable"; includeInIndex = 0; path = scc; sourceTree = BUILT_PRODUCTS_DIR; };
		842E7F7E272E1DCC007C3DEE /* main.swift */ = {isa = PBXFileReference; lastKnownFileType = sourcecode.swift; path = main.swift; sourceTree = "<group>"; };
		842E7F89272E25F1007C3DEE /* Token.swift */ = {isa = PBXFileReference; lastKnownFileType = sourcecode.swift; path = Token.swift; sourceTree = "<group>"; };
		842E7F8D272E30DE007C3DEE /* Lexer.swift */ = {isa = PBXFileReference; fileEncoding = 4; lastKnownFileType = sourcecode.swift; path = Lexer.swift; sourceTree = "<group>"; };
		842E7F90272F81AD007C3DEE /* CharacterExtensions.swift */ = {isa = PBXFileReference; lastKnownFileType = sourcecode.swift; path = CharacterExtensions.swift; sourceTree = "<group>"; };
		842E7F942730441F007C3DEE /* InputProto.swift */ = {isa = PBXFileReference; lastKnownFileType = sourcecode.swift; path = InputProto.swift; sourceTree = "<group>"; };
		842E7F972732047F007C3DEE /* AST.swift */ = {isa = PBXFileReference; lastKnownFileType = sourcecode.swift; path = AST.swift; sourceTree = "<group>"; };
		842E7F9927320A9E007C3DEE /* FileStream.swift */ = {isa = PBXFileReference; lastKnownFileType = sourcecode.swift; path = FileStream.swift; sourceTree = "<group>"; };
		842E7F9B2732D45D007C3DEE /* Parser.swift */ = {isa = PBXFileReference; lastKnownFileType = sourcecode.swift; path = Parser.swift; sourceTree = "<group>"; };
		8474D75127343F0500FD298C /* LLVMAssembler.swift */ = {isa = PBXFileReference; lastKnownFileType = sourcecode.swift; path = LLVMAssembler.swift; sourceTree = "<group>"; };
		84FA52612734522F00924B58 /* Generator.swift */ = {isa = PBXFileReference; lastKnownFileType = sourcecode.swift; path = Generator.swift; sourceTree = "<group>"; };
/* End PBXFileReference section */

/* Begin PBXFrameworksBuildPhase section */
		842E7F78272E1DCC007C3DEE /* Frameworks */ = {
			isa = PBXFrameworksBuildPhase;
			buildActionMask = 2147483647;
			files = (
				84FA5260273449CD00924B58 /* ArgumentParser in Frameworks */,
			);
			runOnlyForDeploymentPostprocessing = 0;
		};
/* End PBXFrameworksBuildPhase section */

/* Begin PBXGroup section */
		842E7F72272E1DCC007C3DEE = {
			isa = PBXGroup;
			children = (
				8474D75027343EEB00FD298C /* assembler */,
				8474D74F27343EE500FD298C /* codegen */,
				842E7F962732045D007C3DEE /* parser */,
				842E7F8F272F8199007C3DEE /* utils */,
				842E7F88272E25D2007C3DEE /* lexer */,
				842E7F7D272E1DCC007C3DEE /* scc */,
				842E7F7C272E1DCC007C3DEE /* Products */,
			);
			sourceTree = "<group>";
		};
		842E7F7C272E1DCC007C3DEE /* Products */ = {
			isa = PBXGroup;
			children = (
				842E7F7B272E1DCC007C3DEE /* scc */,
			);
			name = Products;
			sourceTree = "<group>";
		};
		842E7F7D272E1DCC007C3DEE /* scc */ = {
			isa = PBXGroup;
			children = (
				842E7F7E272E1DCC007C3DEE /* main.swift */,
			);
			path = scc;
			sourceTree = "<group>";
		};
		842E7F88272E25D2007C3DEE /* lexer */ = {
			isa = PBXGroup;
			children = (
				842E7F8D272E30DE007C3DEE /* Lexer.swift */,
				842E7F89272E25F1007C3DEE /* Token.swift */,
				842E7F942730441F007C3DEE /* InputProto.swift */,
			);
			path = lexer;
			sourceTree = "<group>";
		};
		842E7F8F272F8199007C3DEE /* utils */ = {
			isa = PBXGroup;
			children = (
				842E7F90272F81AD007C3DEE /* CharacterExtensions.swift */,
				842E7F9927320A9E007C3DEE /* FileStream.swift */,
			);
			path = utils;
			sourceTree = "<group>";
		};
		842E7F962732045D007C3DEE /* parser */ = {
			isa = PBXGroup;
			children = (
				842E7F972732047F007C3DEE /* AST.swift */,
				842E7F9B2732D45D007C3DEE /* Parser.swift */,
			);
			path = parser;
			sourceTree = "<group>";
		};
		8474D74F27343EE500FD298C /* codegen */ = {
			isa = PBXGroup;
			children = (
				84FA52612734522F00924B58 /* Generator.swift */,
			);
			path = codegen;
			sourceTree = "<group>";
		};
		8474D75027343EEB00FD298C /* assembler */ = {
			isa = PBXGroup;
			children = (
				8474D75127343F0500FD298C /* LLVMAssembler.swift */,
			);
			path = assembler;
			sourceTree = "<group>";
		};
/* End PBXGroup section */

/* Begin PBXNativeTarget section */
		842E7F7A272E1DCC007C3DEE /* scc */ = {
			isa = PBXNativeTarget;
			buildConfigurationList = 842E7F82272E1DCC007C3DEE /* Build configuration list for PBXNativeTarget "scc" */;
			buildPhases = (
				842E7F77272E1DCC007C3DEE /* Sources */,
				842E7F78272E1DCC007C3DEE /* Frameworks */,
				842E7F79272E1DCC007C3DEE /* CopyFiles */,
			);
			buildRules = (
			);
			dependencies = (
			);
			name = scc;
			packageProductDependencies = (
				84FA525F273449CD00924B58 /* ArgumentParser */,
			);
			productName = scc;
			productReference = 842E7F7B272E1DCC007C3DEE /* scc */;
			productType = "com.apple.product-type.tool";
		};
/* End PBXNativeTarget section */

/* Begin PBXProject section */
		842E7F73272E1DCC007C3DEE /* Project object */ = {
			isa = PBXProject;
			attributes = {
				BuildIndependentTargetsInParallel = 1;
				LastSwiftUpdateCheck = 1310;
				LastUpgradeCheck = 1310;
				TargetAttributes = {
					842E7F7A272E1DCC007C3DEE = {
						CreatedOnToolsVersion = 13.1;
					};
				};
			};
			buildConfigurationList = 842E7F76272E1DCC007C3DEE /* Build configuration list for PBXProject "scc" */;
			compatibilityVersion = "Xcode 13.0";
			developmentRegion = en;
			hasScannedForEncodings = 0;
			knownRegions = (
				en,
				Base,
			);
			mainGroup = 842E7F72272E1DCC007C3DEE;
			packageReferences = (
				84FA525E273449CD00924B58 /* XCRemoteSwiftPackageReference "swift-argument-parser" */,
			);
			productRefGroup = 842E7F7C272E1DCC007C3DEE /* Products */;
			projectDirPath = "";
			projectRoot = "";
			targets = (
				842E7F7A272E1DCC007C3DEE /* scc */,
			);
		};
/* End PBXProject section */

/* Begin PBXSourcesBuildPhase section */
		842E7F77272E1DCC007C3DEE /* Sources */ = {
			isa = PBXSourcesBuildPhase;
			buildActionMask = 2147483647;
			files = (
				842E7F7F272E1DCC007C3DEE /* main.swift in Sources */,
				842E7F982732047F007C3DEE /* AST.swift in Sources */,
				842E7F91272F81AD007C3DEE /* CharacterExtensions.swift in Sources */,
				842E7F8E272E30DE007C3DEE /* Lexer.swift in Sources */,
				842E7F9C2732D45D007C3DEE /* Parser.swift in Sources */,
				842E7F8A272E25F1007C3DEE /* Token.swift in Sources */,
				842E7F9527304420007C3DEE /* InputProto.swift in Sources */,
				842E7F9A27320A9E007C3DEE /* FileStream.swift in Sources */,
				8474D75227343F0500FD298C /* LLVMAssembler.swift in Sources */,
				84FA52622734522F00924B58 /* Generator.swift in Sources */,
			);
			runOnlyForDeploymentPostprocessing = 0;
		};
/* End PBXSourcesBuildPhase section */

/* Begin XCBuildConfiguration section */
		842E7F80272E1DCC007C3DEE /* Debug */ = {
			isa = XCBuildConfiguration;
			buildSettings = {
				ALWAYS_SEARCH_USER_PATHS = NO;
				CLANG_ANALYZER_NONNULL = YES;
				CLANG_ANALYZER_NUMBER_OBJECT_CONVERSION = YES_AGGRESSIVE;
				CLANG_CXX_LANGUAGE_STANDARD = "gnu++17";
				CLANG_CXX_LIBRARY = "libc++";
				CLANG_ENABLE_MODULES = YES;
				CLANG_ENABLE_OBJC_ARC = YES;
				CLANG_ENABLE_OBJC_WEAK = YES;
				CLANG_WARN_BLOCK_CAPTURE_AUTORELEASING = YES;
				CLANG_WARN_BOOL_CONVERSION = YES;
				CLANG_WARN_COMMA = YES;
				CLANG_WARN_CONSTANT_CONVERSION = YES;
				CLANG_WARN_DEPRECATED_OBJC_IMPLEMENTATIONS = YES;
				CLANG_WARN_DIRECT_OBJC_ISA_USAGE = YES_ERROR;
				CLANG_WARN_DOCUMENTATION_COMMENTS = YES;
				CLANG_WARN_EMPTY_BODY = YES;
				CLANG_WARN_ENUM_CONVERSION = YES;
				CLANG_WARN_INFINITE_RECURSION = YES;
				CLANG_WARN_INT_CONVERSION = YES;
				CLANG_WARN_NON_LITERAL_NULL_CONVERSION = YES;
				CLANG_WARN_OBJC_IMPLICIT_RETAIN_SELF = YES;
				CLANG_WARN_OBJC_LITERAL_CONVERSION = YES;
				CLANG_WARN_OBJC_ROOT_CLASS = YES_ERROR;
				CLANG_WARN_QUOTED_INCLUDE_IN_FRAMEWORK_HEADER = YES;
				CLANG_WARN_RANGE_LOOP_ANALYSIS = YES;
				CLANG_WARN_STRICT_PROTOTYPES = YES;
				CLANG_WARN_SUSPICIOUS_MOVE = YES;
				CLANG_WARN_UNGUARDED_AVAILABILITY = YES_AGGRESSIVE;
				CLANG_WARN_UNREACHABLE_CODE = YES;
				CLANG_WARN__DUPLICATE_METHOD_MATCH = YES;
				COPY_PHASE_STRIP = NO;
				DEBUG_INFORMATION_FORMAT = dwarf;
				ENABLE_STRICT_OBJC_MSGSEND = YES;
				ENABLE_TESTABILITY = YES;
				GCC_C_LANGUAGE_STANDARD = gnu11;
				GCC_DYNAMIC_NO_PIC = NO;
				GCC_NO_COMMON_BLOCKS = YES;
				GCC_OPTIMIZATION_LEVEL = 0;
				GCC_PREPROCESSOR_DEFINITIONS = (
					"DEBUG=1",
					"$(inherited)",
				);
				GCC_WARN_64_TO_32_BIT_CONVERSION = YES;
				GCC_WARN_ABOUT_RETURN_TYPE = YES_ERROR;
				GCC_WARN_UNDECLARED_SELECTOR = YES;
				GCC_WARN_UNINITIALIZED_AUTOS = YES_AGGRESSIVE;
				GCC_WARN_UNUSED_FUNCTION = YES;
				GCC_WARN_UNUSED_VARIABLE = YES;
				MACOSX_DEPLOYMENT_TARGET = 12.0;
				MTL_ENABLE_DEBUG_INFO = INCLUDE_SOURCE;
				MTL_FAST_MATH = YES;
				ONLY_ACTIVE_ARCH = YES;
				SDKROOT = macosx;
				SWIFT_ACTIVE_COMPILATION_CONDITIONS = DEBUG;
				SWIFT_OPTIMIZATION_LEVEL = "-Onone";
			};
			name = Debug;
		};
		842E7F81272E1DCC007C3DEE /* Release */ = {
			isa = XCBuildConfiguration;
			buildSettings = {
				ALWAYS_SEARCH_USER_PATHS = NO;
				CLANG_ANALYZER_NONNULL = YES;
				CLANG_ANALYZER_NUMBER_OBJECT_CONVERSION = YES_AGGRESSIVE;
				CLANG_CXX_LANGUAGE_STANDARD = "gnu++17";
				CLANG_CXX_LIBRARY = "libc++";
				CLANG_ENABLE_MODULES = YES;
				CLANG_ENABLE_OBJC_ARC = YES;
				CLANG_ENABLE_OBJC_WEAK = YES;
				CLANG_WARN_BLOCK_CAPTURE_AUTORELEASING = YES;
				CLANG_WARN_BOOL_CONVERSION = YES;
				CLANG_WARN_COMMA = YES;
				CLANG_WARN_CONSTANT_CONVERSION = YES;
				CLANG_WARN_DEPRECATED_OBJC_IMPLEMENTATIONS = YES;
				CLANG_WARN_DIRECT_OBJC_ISA_USAGE = YES_ERROR;
				CLANG_WARN_DOCUMENTATION_COMMENTS = YES;
				CLANG_WARN_EMPTY_BODY = YES;
				CLANG_WARN_ENUM_CONVERSION = YES;
				CLANG_WARN_INFINITE_RECURSION = YES;
				CLANG_WARN_INT_CONVERSION = YES;
				CLANG_WARN_NON_LITERAL_NULL_CONVERSION = YES;
				CLANG_WARN_OBJC_IMPLICIT_RETAIN_SELF = YES;
				CLANG_WARN_OBJC_LITERAL_CONVERSION = YES;
				CLANG_WARN_OBJC_ROOT_CLASS = YES_ERROR;
				CLANG_WARN_QUOTED_INCLUDE_IN_FRAMEWORK_HEADER = YES;
				CLANG_WARN_RANGE_LOOP_ANALYSIS = YES;
				CLANG_WARN_STRICT_PROTOTYPES = YES;
				CLANG_WARN_SUSPICIOUS_MOVE = YES;
				CLANG_WARN_UNGUARDED_AVAILABILITY = YES_AGGRESSIVE;
				CLANG_WARN_UNREACHABLE_CODE = YES;
				CLANG_WARN__DUPLICATE_METHOD_MATCH = YES;
				COPY_PHASE_STRIP = NO;
				DEBUG_INFORMATION_FORMAT = "dwarf-with-dsym";
				ENABLE_NS_ASSERTIONS = NO;
				ENABLE_STRICT_OBJC_MSGSEND = YES;
				GCC_C_LANGUAGE_STANDARD = gnu11;
				GCC_NO_COMMON_BLOCKS = YES;
				GCC_WARN_64_TO_32_BIT_CONVERSION = YES;
				GCC_WARN_ABOUT_RETURN_TYPE = YES_ERROR;
				GCC_WARN_UNDECLARED_SELECTOR = YES;
				GCC_WARN_UNINITIALIZED_AUTOS = YES_AGGRESSIVE;
				GCC_WARN_UNUSED_FUNCTION = YES;
				GCC_WARN_UNUSED_VARIABLE = YES;
				MACOSX_DEPLOYMENT_TARGET = 12.0;
				MTL_ENABLE_DEBUG_INFO = NO;
				MTL_FAST_MATH = YES;
				SDKROOT = macosx;
				SWIFT_COMPILATION_MODE = wholemodule;
				SWIFT_OPTIMIZATION_LEVEL = "-O";
			};
			name = Release;
		};
		842E7F83272E1DCC007C3DEE /* Debug */ = {
			isa = XCBuildConfiguration;
			buildSettings = {
				ALWAYS_SEARCH_USER_PATHS = YES;
				CODE_SIGN_STYLE = Automatic;
				"HEADER_SEARCH_PATHS[arch=*]" = "/opt/homebrew/Cellar/llvm@11/11.1.0_3/include\n";
				LIBRARY_SEARCH_PATHS = "/opt/homebrew/Cellar/llvm@11/11.1.0_3/lib\n";
				PRODUCT_NAME = "$(TARGET_NAME)";
				SWIFT_VERSION = 5.0;
			};
			name = Debug;
		};
		842E7F84272E1DCC007C3DEE /* Release */ = {
			isa = XCBuildConfiguration;
			buildSettings = {
				ALWAYS_SEARCH_USER_PATHS = YES;
				CODE_SIGN_STYLE = Automatic;
				"HEADER_SEARCH_PATHS[arch=*]" = "/opt/homebrew/Cellar/llvm@11/11.1.0_3/include\n";
				LIBRARY_SEARCH_PATHS = "/opt/homebrew/Cellar/llvm@11/11.1.0_3/lib\n";
				PRODUCT_NAME = "$(TARGET_NAME)";
				SWIFT_VERSION = 5.0;
			};
			name = Release;
		};
/* End XCBuildConfiguration section */

/* Begin XCConfigurationList section */
		842E7F76272E1DCC007C3DEE /* Build configuration list for PBXProject "scc" */ = {
			isa = XCConfigurationList;
			buildConfigurations = (
				842E7F80272E1DCC007C3DEE /* Debug */,
				842E7F81272E1DCC007C3DEE /* Release */,
			);
			defaultConfigurationIsVisible = 0;
			defaultConfigurationName = Release;
		};
		842E7F82272E1DCC007C3DEE /* Build configuration list for PBXNativeTarget "scc" */ = {
			isa = XCConfigurationList;
			buildConfigurations = (
				842E7F83272E1DCC007C3DEE /* Debug */,
				842E7F84272E1DCC007C3DEE /* Release */,
			);
			defaultConfigurationIsVisible = 0;
			defaultConfigurationName = Release;
		};
/* End XCConfigurationList section */

/* Begin XCRemoteSwiftPackageReference section */
		84FA525E273449CD00924B58 /* XCRemoteSwiftPackageReference "swift-argument-parser" */ = {
			isa = XCRemoteSwiftPackageReference;
			repositoryURL = "https://github.com/apple/swift-argument-parser.git";
			requirement = {
				kind = upToNextMajorVersion;
				minimumVersion = 1.0.0;
			};
		};
/* End XCRemoteSwiftPackageReference section */

/* Begin XCSwiftPackageProductDependency section */
		84FA525F273449CD00924B58 /* ArgumentParser */ = {
			isa = XCSwiftPackageProductDependency;
			package = 84FA525E273449CD00924B58 /* XCRemoteSwiftPackageReference "swift-argument-parser" */;
			productName = ArgumentParser;
		};
/* End XCSwiftPackageProductDependency section */
	};
	rootObject = 842E7F73272E1DCC007C3DEE /* Project object */;
}
